
Microsoft Visual Studio Solution File, Format Version 12.00
# Visual Studio Version 17
VisualStudioVersion = 17.5.002.0
MinimumVisualStudioVersion = 10.0.40219.1
Project("{FAE04EC0-301F-11D3-BF4B-00C04F79EFBC}") = "WebAPI", "WebAPI\WebAPI.csproj", "{2308095F-B5F2-40B2-8104-861895B83526}"
EndProject
Project("{FAE04EC0-301F-11D3-BF4B-00C04F79EFBC}") = "RazorViews", "RazorViews\RazorViews.csproj", "{A0823780-39D9-4FF8-95DB-3B75F97B4604}"
EndProject
Global
	GlobalSection(SolutionProperties) = preSolution
		HideSolutionNode = FALSE
	EndGlobalSection
	GlobalSection(ExtensibilityGlobals) = postSolution
		SolutionGuid = {5C15C7A4-2C0B-42DF-9C1A-86F286888594}
	EndGlobalSection
	GlobalSection(SolutionConfigurationPlatforms) = preSolution
		Debug|Any CPU = Debug|Any CPU
		Debug|x64 = Debug|x64
		Debug|x86 = Debug|x86
		Release|Any CPU = Release|Any CPU
		Release|x64 = Release|x64
		Release|x86 = Release|x86
	EndGlobalSection
	GlobalSection(ProjectConfigurationPlatforms) = postSolution
		{2308095F-B5F2-40B2-8104-861895B83526}.Debug|Any CPU.ActiveCfg = Debug|Any CPU
		{2308095F-B5F2-40B2-8104-861895B83526}.Debug|Any CPU.Build.0 = Debug|Any CPU
		{2308095F-B5F2-40B2-8104-861895B83526}.Debug|x64.ActiveCfg = Debug|Any CPU
		{2308095F-B5F2-40B2-8104-861895B83526}.Debug|x64.Build.0 = Debug|Any CPU
		{2308095F-B5F2-40B2-8104-861895B83526}.Debug|x86.ActiveCfg = Debug|Any CPU
		{2308095F-B5F2-40B2-8104-861895B83526}.Debug|x86.Build.0 = Debug|Any CPU
		{2308095F-B5F2-40B2-8104-861895B83526}.Release|Any CPU.ActiveCfg = Release|Any CPU
		{2308095F-B5F2-40B2-8104-861895B83526}.Release|Any CPU.Build.0 = Release|Any CPU
		{2308095F-B5F2-40B2-8104-861895B83526}.Release|x64.ActiveCfg = Release|Any CPU
		{2308095F-B5F2-40B2-8104-861895B83526}.Release|x64.Build.0 = Release|Any CPU
		{2308095F-B5F2-40B2-8104-861895B83526}.Release|x86.ActiveCfg = Release|Any CPU
		{2308095F-B5F2-40B2-8104-861895B83526}.Release|x86.Build.0 = Release|Any CPU
		{A0823780-39D9-4FF8-95DB-3B75F97B4604}.Debug|Any CPU.ActiveCfg = Debug|Any CPU
		{A0823780-39D9-4FF8-95DB-3B75F97B4604}.Debug|Any CPU.Build.0 = Debug|Any CPU
		{A0823780-39D9-4FF8-95DB-3B75F97B4604}.Debug|x64.ActiveCfg = Debug|Any CPU
		{A0823780-39D9-4FF8-95DB-3B75F97B4604}.Debug|x64.Build.0 = Debug|Any CPU
		{A0823780-39D9-4FF8-95DB-3B75F97B4604}.Debug|x86.ActiveCfg = Debug|Any CPU
		{A0823780-39D9-4FF8-95DB-3B75F97B4604}.Debug|x86.Build.0 = Debug|Any CPU
		{A0823780-39D9-4FF8-95DB-3B75F97B4604}.Release|Any CPU.ActiveCfg = Release|Any CPU
		{A0823780-39D9-4FF8-95DB-3B75F97B4604}.Release|Any CPU.Build.0 = Release|Any CPU
		{A0823780-39D9-4FF8-95DB-3B75F97B4604}.Release|x64.ActiveCfg = Release|Any CPU
		{A0823780-39D9-4FF8-95DB-3B75F97B4604}.Release|x64.Build.0 = Release|Any CPU
		{A0823780-39D9-4FF8-95DB-3B75F97B4604}.Release|x86.ActiveCfg = Release|Any CPU
		{A0823780-39D9-4FF8-95DB-3B75F97B4604}.Release|x86.Build.0 = Release|Any CPU
	EndGlobalSection
EndGlobal
